
Microsoft Visual Studio Solution File, Format Version 12.00
# Visual Studio Version 17
VisualStudioVersion = 17.10.35027.167
MinimumVisualStudioVersion = 10.0.40219.1
Project("{FAE04EC0-301F-11D3-BF4B-00C04F79EFBC}") = "BW_1002_AreaDoCirculo", "BW_1002_AreaDoCirculo\BW_1002_AreaDoCirculo.csproj", "{CA843C6D-DB33-4FD8-9404-B6ADEEC57793}"
EndProject
Global
	GlobalSection(SolutionConfigurationPlatforms) = preSolution
		Debug|Any CPU = Debug|Any CPU
		Release|Any CPU = Release|Any CPU
	EndGlobalSection
	GlobalSection(ProjectConfigurationPlatforms) = postSolution
		{CA843C6D-DB33-4FD8-9404-B6ADEEC57793}.Debug|Any CPU.ActiveCfg = Debug|Any CPU
		{CA843C6D-DB33-4FD8-9404-B6ADEEC57793}.Debug|Any CPU.Build.0 = Debug|Any CPU
		{CA843C6D-DB33-4FD8-9404-B6ADEEC57793}.Release|Any CPU.ActiveCfg = Release|Any CPU
		{CA843C6D-DB33-4FD8-9404-B6ADEEC57793}.Release|Any CPU.Build.0 = Release|Any CPU
	EndGlobalSection
	GlobalSection(SolutionProperties) = preSolution
		HideSolutionNode = FALSE
	EndGlobalSection
	GlobalSection(ExtensibilityGlobals) = postSolution
		SolutionGuid = {40470BFC-EE9B-4C8F-9B8B-0C8AD509C57A}
	EndGlobalSection
EndGlobal
