
Microsoft Visual Studio Solution File, Format Version 12.00
# Visual Studio Version 17
VisualStudioVersion = 17.10.35013.160
MinimumVisualStudioVersion = 10.0.40219.1
Project("{FAE04EC0-301F-11D3-BF4B-00C04F79EFBC}") = "BW_1010_CalculoSimples", "BW_1010_CalculoSimples\BW_1010_CalculoSimples.csproj", "{27375000-D4CE-47AE-8469-98AFB2E622BE}"
EndProject
Global
	GlobalSection(SolutionConfigurationPlatforms) = preSolution
		Debug|Any CPU = Debug|Any CPU
		Release|Any CPU = Release|Any CPU
	EndGlobalSection
	GlobalSection(ProjectConfigurationPlatforms) = postSolution
		{27375000-D4CE-47AE-8469-98AFB2E622BE}.Debug|Any CPU.ActiveCfg = Debug|Any CPU
		{27375000-D4CE-47AE-8469-98AFB2E622BE}.Debug|Any CPU.Build.0 = Debug|Any CPU
		{27375000-D4CE-47AE-8469-98AFB2E622BE}.Release|Any CPU.ActiveCfg = Release|Any CPU
		{27375000-D4CE-47AE-8469-98AFB2E622BE}.Release|Any CPU.Build.0 = Release|Any CPU
	EndGlobalSection
	GlobalSection(SolutionProperties) = preSolution
		HideSolutionNode = FALSE
	EndGlobalSection
	GlobalSection(ExtensibilityGlobals) = postSolution
		SolutionGuid = {4AFF24FE-FA89-4EE3-93D4-7208B5FF8667}
	EndGlobalSection
EndGlobal
